{
  "version": "5",
  "redirects": {
    "https://esm.sh/@supabase/supabase-js@2": "https://esm.sh/@supabase/supabase-js@2.117.1"
  },
  "remote": {
    "https://esm.sh/@supabase/supabase-js@2.117.1": "99cf17d2470bce11943555fed60fe54cdd642799103df031ace8071b97b5cf78"
  },
  "workspace": {
    "packageJson": {
      "dependencies": [
        "npm:@supabase/supabase-js@^2.117.1",
        "npm:@tailwindcss/vite@^4.3.3",
        "npm:@types/react-dom@^19.2.7",
        "npm:@types/react@^19.2.18",
        "npm:@vitejs/plugin-react@^6.1.1",
        "npm:lucide-react@^1.47.0",
        "npm:oxlint@^1.81.0",
        "npm:react-dom@^19.2.8",
        "npm:react@^19.2.8",
        "npm:tailwindcss@^4.3.3",
        "npm:vite@^8.3.0"
      ]
    }
  }
}
